
Microsoft Visual Studio Solution File, Format Version 12.00
# Visual Studio Version 17
VisualStudioVersion = 17.1.32228.430
MinimumVisualStudioVersion = 10.0.40219.1
Project("{FAE04EC0-301F-11D3-BF4B-00C04F79EFBC}") = "List_Methods", "List_Methods\List_Methods.csproj", "{43DEC09A-5F0C-4A87-907E-DFF1C8C37D73}"
EndProject
Global
	GlobalSection(SolutionConfigurationPlatforms) = preSolution
		Debug|Any CPU = Debug|Any CPU
		Release|Any CPU = Release|Any CPU
	EndGlobalSection
	GlobalSection(ProjectConfigurationPlatforms) = postSolution
		{43DEC09A-5F0C-4A87-907E-DFF1C8C37D73}.Debug|Any CPU.ActiveCfg = Debug|Any CPU
		{43DEC09A-5F0C-4A87-907E-DFF1C8C37D73}.Debug|Any CPU.Build.0 = Debug|Any CPU
		{43DEC09A-5F0C-4A87-907E-DFF1C8C37D73}.Release|Any CPU.ActiveCfg = Release|Any CPU
		{43DEC09A-5F0C-4A87-907E-DFF1C8C37D73}.Release|Any CPU.Build.0 = Release|Any CPU
	EndGlobalSection
	GlobalSection(SolutionProperties) = preSolution
		HideSolutionNode = FALSE
	EndGlobalSection
	GlobalSection(ExtensibilityGlobals) = postSolution
		SolutionGuid = {BB9F328C-5B1F-451E-BB0D-ED63C31B876F}
	EndGlobalSection
EndGlobal
